
Microsoft Visual Studio Solution File, Format Version 12.00
# Visual Studio Version 17
VisualStudioVersion = 17.5.33414.496
MinimumVisualStudioVersion = 10.0.40219.1
Project("{9A19103F-16F7-4668-BE54-9A1E7A4F7556}") = "StockCSV", "StockCSV.csproj", "{8EBBE314-50B2-45EC-A261-26F4072AF6E3}"
EndProject
Project("{FAE04EC0-301F-11D3-BF4B-00C04F79EFBC}") = "StockCSV.UnitTests", "StockCSV.UnitTests\StockCSV.UnitTests.csproj", "{6EB659BF-B295-440D-B109-1B796B79510A}"
EndProject
Global
	GlobalSection(SolutionConfigurationPlatforms) = preSolution
		Debug|Any CPU = Debug|Any CPU
		Release|Any CPU = Release|Any CPU
	EndGlobalSection
	GlobalSection(ProjectConfigurationPlatforms) = postSolution
		{8EBBE314-50B2-45EC-A261-26F4072AF6E3}.Debug|Any CPU.ActiveCfg = Debug|Any CPU
		{8EBBE314-50B2-45EC-A261-26F4072AF6E3}.Debug|Any CPU.Build.0 = Debug|Any CPU
		{8EBBE314-50B2-45EC-A261-26F4072AF6E3}.Release|Any CPU.ActiveCfg = Release|Any CPU
		{8EBBE314-50B2-45EC-A261-26F4072AF6E3}.Release|Any CPU.Build.0 = Release|Any CPU
		{6EB659BF-B295-440D-B109-1B796B79510A}.Debug|Any CPU.ActiveCfg = Debug|Any CPU
		{6EB659BF-B295-440D-B109-1B796B79510A}.Debug|Any CPU.Build.0 = Debug|Any CPU
		{6EB659BF-B295-440D-B109-1B796B79510A}.Release|Any CPU.ActiveCfg = Release|Any CPU
		{6EB659BF-B295-440D-B109-1B796B79510A}.Release|Any CPU.Build.0 = Release|Any CPU
	EndGlobalSection
	GlobalSection(SolutionProperties) = preSolution
		HideSolutionNode = FALSE
	EndGlobalSection
	GlobalSection(ExtensibilityGlobals) = postSolution
		SolutionGuid = {5B80EAF2-F880-4915-83CA-CDBEFA18DACA}
	EndGlobalSection
EndGlobal
